// !$*UTF8*$!
{
	archiveVersion = 1;
	classes = {
	};
	objectVersion = 46;
	objects = {

/* Begin PBXBuildFile section */
		621D3DA41B74622100640B58 /* AppDelegate.swift in Sources */ = {isa = PBXBuildFile; fileRef = 621D3DA31B74622100640B58 /* AppDelegate.swift */; };
		621D3DA71B74622100640B58 /* FirstSwift.xcdatamodeld in Sources */ = {isa = PBXBuildFile; fileRef = 621D3DA51B74622100640B58 /* FirstSwift.xcdatamodeld */; };
		621D3DA91B74622100640B58 /* ViewController.swift in Sources */ = {isa = PBXBuildFile; fileRef = 621D3DA81B74622100640B58 /* ViewController.swift */; };
		621D3DAC1B74622100640B58 /* Main.storyboard in Resources */ = {isa = PBXBuildFile; fileRef = 621D3DAA1B74622100640B58 /* Main.storyboard */; };
		621D3DAE1B74622100640B58 /* Images.xcassets in Resources */ = {isa = PBXBuildFile; fileRef = 621D3DAD1B74622100640B58 /* Images.xcassets */; };
		621D3DB11B74622100640B58 /* LaunchScreen.xib in Resources */ = {isa = PBXBuildFile; fileRef = 621D3DAF1B74622100640B58 /* LaunchScreen.xib */; };
		621D3DBD1B74622100640B58 /* FirstSwiftTests.swift in Sources */ = {isa = PBXBuildFile; fileRef = 621D3DBC1B74622100640B58 /* FirstSwiftTests.swift */; };
		621D3DCA1B749F6D00640B58 /* JMMainViewController.swift in Sources */ = {isa = PBXBuildFile; fileRef = 621D3DC91B749F6D00640B58 /* JMMainViewController.swift */; };
		621D3DD01B74A71E00640B58 /* JMAboutViewController.xib in Resources */ = {isa = PBXBuildFile; fileRef = 621D3DCE1B74A71E00640B58 /* JMAboutViewController.xib */; };
		62E4A7451B78421A00A25A9A /* JMJokeTableViewController.swift in Sources */ = {isa = PBXBuildFile; fileRef = 62E4A7441B78421A00A25A9A /* JMJokeTableViewController.swift */; };
		62E4A7471B784C7100A25A9A /* JMRefreshView.swift in Sources */ = {isa = PBXBuildFile; fileRef = 62E4A7461B784C7100A25A9A /* JMRefreshView.swift */; };
		62E4A7491B784C8600A25A9A /* JMRefreshView.xib in Resources */ = {isa = PBXBuildFile; fileRef = 62E4A7481B784C8600A25A9A /* JMRefreshView.xib */; };
		62E4A74B1B78525200A25A9A /* JMHttpRequest.swift in Sources */ = {isa = PBXBuildFile; fileRef = 62E4A74A1B78525200A25A9A /* JMHttpRequest.swift */; };
		62E4A74D1B7874E000A25A9A /* UIViewExt.swift in Sources */ = {isa = PBXBuildFile; fileRef = 62E4A74C1B7874E000A25A9A /* UIViewExt.swift */; };
		62E4A7501B787BA800A25A9A /* JMJokeCell.swift in Sources */ = {isa = PBXBuildFile; fileRef = 62E4A74E1B787BA800A25A9A /* JMJokeCell.swift */; };
		62E4A7511B787BA800A25A9A /* JMJokeCell.xib in Resources */ = {isa = PBXBuildFile; fileRef = 62E4A74F1B787BA800A25A9A /* JMJokeCell.xib */; };
		62E4A7531B787FC900A25A9A /* NSDictionaryExt.swift in Sources */ = {isa = PBXBuildFile; fileRef = 62E4A7521B787FC900A25A9A /* NSDictionaryExt.swift */; };
		62E4A7551B78818000A25A9A /* NSStringExt.swift in Sources */ = {isa = PBXBuildFile; fileRef = 62E4A7541B78818000A25A9A /* NSStringExt.swift */; };
		62E4A7581B788D6D00A25A9A /* avatar.jpg in Resources */ = {isa = PBXBuildFile; fileRef = 62E4A7561B788D6D00A25A9A /* avatar.jpg */; };
		62E4A7591B788D6D00A25A9A /* me.jpeg in Resources */ = {isa = PBXBuildFile; fileRef = 62E4A7571B788D6D00A25A9A /* me.jpeg */; };
		62E4A75B1B78904D00A25A9A /* UIImageViewWebExt.swift in Sources */ = {isa = PBXBuildFile; fileRef = 62E4A75A1B78904D00A25A9A /* UIImageViewWebExt.swift */; };
		62E4A75D1B78983A00A25A9A /* FileUtility.swift in Sources */ = {isa = PBXBuildFile; fileRef = 62E4A75C1B78983A00A25A9A /* FileUtility.swift */; };
		62FF23E01B79EDF700F354E4 /* JMImageViewController.swift in Sources */ = {isa = PBXBuildFile; fileRef = 62FF23DF1B79EDF700F354E4 /* JMImageViewController.swift */; };
		62FF23E21B79EE6C00F354E4 /* JMImageZoomingView.swift in Sources */ = {isa = PBXBuildFile; fileRef = 62FF23E11B79EE6C00F354E4 /* JMImageZoomingView.swift */; };
		62FF23E41B79FB1300F354E4 /* JMCommentsViewController.swift in Sources */ = {isa = PBXBuildFile; fileRef = 62FF23E31B79FB1300F354E4 /* JMCommentsViewController.swift */; };
		62FF23E71B79FC2A00F354E4 /* JMCommentCell.swift in Sources */ = {isa = PBXBuildFile; fileRef = 62FF23E51B79FC2A00F354E4 /* JMCommentCell.swift */; };
		62FF23E81B79FC2A00F354E4 /* JMCommentCell.xib in Resources */ = {isa = PBXBuildFile; fileRef = 62FF23E61B79FC2A00F354E4 /* JMCommentCell.xib */; };
		62FF23EB1B7AEE3900F354E4 /* JMAutoResizeCell.swift in Sources */ = {isa = PBXBuildFile; fileRef = 62FF23E91B7AEE3900F354E4 /* JMAutoResizeCell.swift */; };
		62FF23EC1B7AEE3900F354E4 /* JMAutoResizeCell.xib in Resources */ = {isa = PBXBuildFile; fileRef = 62FF23EA1B7AEE3900F354E4 /* JMAutoResizeCell.xib */; };
		62FF23EE1B7AF33200F354E4 /* JMAboutViewController.swift in Sources */ = {isa = PBXBuildFile; fileRef = 62FF23ED1B7AF33200F354E4 /* JMAboutViewController.swift */; };
		62FF23F01B7AF5EE00F354E4 /* Model.swift in Sources */ = {isa = PBXBuildFile; fileRef = 62FF23EF1B7AF5EE00F354E4 /* Model.swift */; };
/* End PBXBuildFile section */

/* Begin PBXContainerItemProxy section */
		621D3DB71B74622100640B58 /* PBXContainerItemProxy */ = {
			isa = PBXContainerItemProxy;
			containerPortal = 621D3D961B74622000640B58 /* Project object */;
			proxyType = 1;
			remoteGlobalIDString = 621D3D9D1B74622100640B58;
			remoteInfo = FirstSwift;
		};
/* End PBXContainerItemProxy section */

/* Begin PBXFileReference section */
		621D3D9E1B74622100640B58 /* FirstSwift.app */ = {isa = PBXFileReference; explicitFileType = wrapper.application; includeInIndex = 0; path = FirstSwift.app; sourceTree = BUILT_PRODUCTS_DIR; };
		621D3DA21B74622100640B58 /* Info.plist */ = {isa = PBXFileReference; lastKnownFileType = text.plist.xml; path = Info.plist; sourceTree = "<group>"; };
		621D3DA31B74622100640B58 /* AppDelegate.swift */ = {isa = PBXFileReference; lastKnownFileType = sourcecode.swift; path = AppDelegate.swift; sourceTree = "<group>"; };
		621D3DA61B74622100640B58 /* FirstSwift.xcdatamodel */ = {isa = PBXFileReference; lastKnownFileType = wrapper.xcdatamodel; path = FirstSwift.xcdatamodel; sourceTree = "<group>"; };
		621D3DA81B74622100640B58 /* ViewController.swift */ = {isa = PBXFileReference; lastKnownFileType = sourcecode.swift; path = ViewController.swift; sourceTree = "<group>"; };
		621D3DAB1B74622100640B58 /* Base */ = {isa = PBXFileReference; lastKnownFileType = file.storyboard; name = Base; path = Base.lproj/Main.storyboard; sourceTree = "<group>"; };
		621D3DAD1B74622100640B58 /* Images.xcassets */ = {isa = PBXFileReference; lastKnownFileType = folder.assetcatalog; path = Images.xcassets; sourceTree = "<group>"; };
		621D3DB01B74622100640B58 /* Base */ = {isa = PBXFileReference; lastKnownFileType = file.xib; name = Base; path = Base.lproj/LaunchScreen.xib; sourceTree = "<group>"; };
		621D3DB61B74622100640B58 /* FirstSwiftTests.xctest */ = {isa = PBXFileReference; explicitFileType = wrapper.cfbundle; includeInIndex = 0; path = FirstSwiftTests.xctest; sourceTree = BUILT_PRODUCTS_DIR; };
		621D3DBB1B74622100640B58 /* Info.plist */ = {isa = PBXFileReference; lastKnownFileType = text.plist.xml; path = Info.plist; sourceTree = "<group>"; };
		621D3DBC1B74622100640B58 /* FirstSwiftTests.swift */ = {isa = PBXFileReference; lastKnownFileType = sourcecode.swift; path = FirstSwiftTests.swift; sourceTree = "<group>"; };
		621D3DC91B749F6D00640B58 /* JMMainViewController.swift */ = {isa = PBXFileReference; fileEncoding = 4; lastKnownFileType = sourcecode.swift; path = JMMainViewController.swift; sourceTree = "<group>"; };
		621D3DCE1B74A71E00640B58 /* JMAboutViewController.xib */ = {isa = PBXFileReference; fileEncoding = 4; lastKnownFileType = file.xib; path = JMAboutViewController.xib; sourceTree = "<group>"; };
		62E4A7441B78421A00A25A9A /* JMJokeTableViewController.swift */ = {isa = PBXFileReference; fileEncoding = 4; lastKnownFileType = sourcecode.swift; path = JMJokeTableViewController.swift; sourceTree = "<group>"; };
		62E4A7461B784C7100A25A9A /* JMRefreshView.swift */ = {isa = PBXFileReference; fileEncoding = 4; lastKnownFileType = sourcecode.swift; path = JMRefreshView.swift; sourceTree = "<group>"; };
		62E4A7481B784C8600A25A9A /* JMRefreshView.xib */ = {isa = PBXFileReference; fileEncoding = 4; lastKnownFileType = file.xib; path = JMRefreshView.xib; sourceTree = "<group>"; };
		62E4A74A1B78525200A25A9A /* JMHttpRequest.swift */ = {isa = PBXFileReference; fileEncoding = 4; lastKnownFileType = sourcecode.swift; path = JMHttpRequest.swift; sourceTree = "<group>"; };
		62E4A74C1B7874E000A25A9A /* UIViewExt.swift */ = {isa = PBXFileReference; fileEncoding = 4; lastKnownFileType = sourcecode.swift; path = UIViewExt.swift; sourceTree = "<group>"; };
		62E4A74E1B787BA800A25A9A /* JMJokeCell.swift */ = {isa = PBXFileReference; fileEncoding = 4; lastKnownFileType = sourcecode.swift; path = JMJokeCell.swift; sourceTree = "<group>"; };
		62E4A74F1B787BA800A25A9A /* JMJokeCell.xib */ = {isa = PBXFileReference; fileEncoding = 4; lastKnownFileType = file.xib; path = JMJokeCell.xib; sourceTree = "<group>"; };
		62E4A7521B787FC900A25A9A /* NSDictionaryExt.swift */ = {isa = PBXFileReference; fileEncoding = 4; lastKnownFileType = sourcecode.swift; path = NSDictionaryExt.swift; sourceTree = "<group>"; };
		62E4A7541B78818000A25A9A /* NSStringExt.swift */ = {isa = PBXFileReference; fileEncoding = 4; lastKnownFileType = sourcecode.swift; path = NSStringExt.swift; sourceTree = "<group>"; };
		62E4A7561B788D6D00A25A9A /* avatar.jpg */ = {isa = PBXFileReference; lastKnownFileType = image.jpeg; path = avatar.jpg; sourceTree = "<group>"; };
		62E4A7571B788D6D00A25A9A /* me.jpeg */ = {isa = PBXFileReference; lastKnownFileType = image.jpeg; path = me.jpeg; sourceTree = "<group>"; };
		62E4A75A1B78904D00A25A9A /* UIImageViewWebExt.swift */ = {isa = PBXFileReference; fileEncoding = 4; lastKnownFileType = sourcecode.swift; path = UIImageViewWebExt.swift; sourceTree = "<group>"; };
		62E4A75C1B78983A00A25A9A /* FileUtility.swift */ = {isa = PBXFileReference; fileEncoding = 4; lastKnownFileType = sourcecode.swift; path = FileUtility.swift; sourceTree = "<group>"; };
		62FF23DF1B79EDF700F354E4 /* JMImageViewController.swift */ = {isa = PBXFileReference; fileEncoding = 4; lastKnownFileType = sourcecode.swift; path = JMImageViewController.swift; sourceTree = "<group>"; };
		62FF23E11B79EE6C00F354E4 /* JMImageZoomingView.swift */ = {isa = PBXFileReference; fileEncoding = 4; lastKnownFileType = sourcecode.swift; path = JMImageZoomingView.swift; sourceTree = "<group>"; };
		62FF23E31B79FB1300F354E4 /* JMCommentsViewController.swift */ = {isa = PBXFileReference; fileEncoding = 4; lastKnownFileType = sourcecode.swift; path = JMCommentsViewController.swift; sourceTree = "<group>"; };
		62FF23E51B79FC2A00F354E4 /* JMCommentCell.swift */ = {isa = PBXFileReference; fileEncoding = 4; lastKnownFileType = sourcecode.swift; path = JMCommentCell.swift; sourceTree = "<group>"; };
		62FF23E61B79FC2A00F354E4 /* JMCommentCell.xib */ = {isa = PBXFileReference; fileEncoding = 4; lastKnownFileType = file.xib; path = JMCommentCell.xib; sourceTree = "<group>"; };
		62FF23E91B7AEE3900F354E4 /* JMAutoResizeCell.swift */ = {isa = PBXFileReference; fileEncoding = 4; lastKnownFileType = sourcecode.swift; path = JMAutoResizeCell.swift; sourceTree = "<group>"; };
		62FF23EA1B7AEE3900F354E4 /* JMAutoResizeCell.xib */ = {isa = PBXFileReference; fileEncoding = 4; lastKnownFileType = file.xib; path = JMAutoResizeCell.xib; sourceTree = "<group>"; };
		62FF23ED1B7AF33200F354E4 /* JMAboutViewController.swift */ = {isa = PBXFileReference; fileEncoding = 4; lastKnownFileType = sourcecode.swift; path = JMAboutViewController.swift; sourceTree = "<group>"; };
		62FF23EF1B7AF5EE00F354E4 /* Model.swift */ = {isa = PBXFileReference; fileEncoding = 4; lastKnownFileType = sourcecode.swift; path = Model.swift; sourceTree = "<group>"; };
/* End PBXFileReference section */

/* Begin PBXFrameworksBuildPhase section */
		621D3D9B1B74622100640B58 /* Frameworks */ = {
			isa = PBXFrameworksBuildPhase;
			buildActionMask = 2147483647;
			files = (
			);
			runOnlyForDeploymentPostprocessing = 0;
		};
		621D3DB31B74622100640B58 /* Frameworks */ = {
			isa = PBXFrameworksBuildPhase;
			buildActionMask = 2147483647;
			files = (
			);
			runOnlyForDeploymentPostprocessing = 0;
		};
/* End PBXFrameworksBuildPhase section */

/* Begin PBXGroup section */
		621D3D951B74622000640B58 = {
			isa = PBXGroup;
			children = (
				621D3DA01B74622100640B58 /* FirstSwift */,
				621D3DB91B74622100640B58 /* FirstSwiftTests */,
				621D3D9F1B74622100640B58 /* Products */,
			);
			sourceTree = "<group>";
		};
		621D3D9F1B74622100640B58 /* Products */ = {
			isa = PBXGroup;
			children = (
				621D3D9E1B74622100640B58 /* FirstSwift.app */,
				621D3DB61B74622100640B58 /* FirstSwiftTests.xctest */,
			);
			name = Products;
			sourceTree = "<group>";
		};
		621D3DA01B74622100640B58 /* FirstSwift */ = {
			isa = PBXGroup;
			children = (
				621D3DA31B74622100640B58 /* AppDelegate.swift */,
				62E4A7521B787FC900A25A9A /* NSDictionaryExt.swift */,
				62E4A7541B78818000A25A9A /* NSStringExt.swift */,
				62E4A74C1B7874E000A25A9A /* UIViewExt.swift */,
				62E4A75A1B78904D00A25A9A /* UIImageViewWebExt.swift */,
				62E4A75C1B78983A00A25A9A /* FileUtility.swift */,
				62E4A74A1B78525200A25A9A /* JMHttpRequest.swift */,
				62E4A7461B784C7100A25A9A /* JMRefreshView.swift */,
				62E4A7481B784C8600A25A9A /* JMRefreshView.xib */,
				62FF23E31B79FB1300F354E4 /* JMCommentsViewController.swift */,
				62FF23E51B79FC2A00F354E4 /* JMCommentCell.swift */,
				62FF23E61B79FC2A00F354E4 /* JMCommentCell.xib */,
				621D3DC91B749F6D00640B58 /* JMMainViewController.swift */,
				62E4A7441B78421A00A25A9A /* JMJokeTableViewController.swift */,
				62E4A74E1B787BA800A25A9A /* JMJokeCell.swift */,
				62E4A74F1B787BA800A25A9A /* JMJokeCell.xib */,
				62FF23ED1B7AF33200F354E4 /* JMAboutViewController.swift */,
				621D3DCE1B74A71E00640B58 /* JMAboutViewController.xib */,
				62FF23E91B7AEE3900F354E4 /* JMAutoResizeCell.swift */,
				62FF23EA1B7AEE3900F354E4 /* JMAutoResizeCell.xib */,
				62FF23EF1B7AF5EE00F354E4 /* Model.swift */,
				62FF23DF1B79EDF700F354E4 /* JMImageViewController.swift */,
				62FF23E11B79EE6C00F354E4 /* JMImageZoomingView.swift */,
				621D3DAD1B74622100640B58 /* Images.xcassets */,
				62E4A7561B788D6D00A25A9A /* avatar.jpg */,
				62E4A7571B788D6D00A25A9A /* me.jpeg */,
				621D3DAF1B74622100640B58 /* LaunchScreen.xib */,
				621D3DAA1B74622100640B58 /* Main.storyboard */,
				621D3DA51B74622100640B58 /* FirstSwift.xcdatamodeld */,
				621D3DA11B74622100640B58 /* Supporting Files */,
			);
			path = FirstSwift;
			sourceTree = "<group>";
		};
		621D3DA11B74622100640B58 /* Supporting Files */ = {
			isa = PBXGroup;
			children = (
				621D3DA81B74622100640B58 /* ViewController.swift */,
				621D3DA21B74622100640B58 /* Info.plist */,
			);
			name = "Supporting Files";
			sourceTree = "<group>";
		};
		621D3DB91B74622100640B58 /* FirstSwiftTests */ = {
			isa = PBXGroup;
			children = (
				621D3DBC1B74622100640B58 /* FirstSwiftTests.swift */,
				621D3DBA1B74622100640B58 /* Supporting Files */,
			);
			path = FirstSwiftTests;
			sourceTree = "<group>";
		};
		621D3DBA1B74622100640B58 /* Supporting Files */ = {
			isa = PBXGroup;
			children = (
				621D3DBB1B74622100640B58 /* Info.plist */,
			);
			name = "Supporting Files";
			sourceTree = "<group>";
		};
/* End PBXGroup section */

/* Begin PBXNativeTarget section */
		621D3D9D1B74622100640B58 /* FirstSwift */ = {
			isa = PBXNativeTarget;
			buildConfigurationList = 621D3DC01B74622100640B58 /* Build configuration list for PBXNativeTarget "FirstSwift" */;
			buildPhases = (
				621D3D9A1B74622100640B58 /* Sources */,
				621D3D9B1B74622100640B58 /* Frameworks */,
				621D3D9C1B74622100640B58 /* Resources */,
			);
			buildRules = (
			);
			dependencies = (
			);
			name = FirstSwift;
			productName = FirstSwift;
			productReference = 621D3D9E1B74622100640B58 /* FirstSwift.app */;
			productType = "com.apple.product-type.application";
		};
		621D3DB51B74622100640B58 /* FirstSwiftTests */ = {
			isa = PBXNativeTarget;
			buildConfigurationList = 621D3DC31B74622100640B58 /* Build configuration list for PBXNativeTarget "FirstSwiftTests" */;
			buildPhases = (
				621D3DB21B74622100640B58 /* Sources */,
				621D3DB31B74622100640B58 /* Frameworks */,
				621D3DB41B74622100640B58 /* Resources */,
			);
			buildRules = (
			);
			dependencies = (
				621D3DB81B74622100640B58 /* PBXTargetDependency */,
			);
			name = FirstSwiftTests;
			productName = FirstSwiftTests;
			productReference = 621D3DB61B74622100640B58 /* FirstSwiftTests.xctest */;
			productType = "com.apple.product-type.bundle.unit-test";
		};
/* End PBXNativeTarget section */

/* Begin PBXProject section */
		621D3D961B74622000640B58 /* Project object */ = {
			isa = PBXProject;
			attributes = {
				LastUpgradeCheck = 0640;
				ORGANIZATIONNAME = iStig;
				TargetAttributes = {
					621D3D9D1B74622100640B58 = {
						CreatedOnToolsVersion = 6.4;
					};
					621D3DB51B74622100640B58 = {
						CreatedOnToolsVersion = 6.4;
						TestTargetID = 621D3D9D1B74622100640B58;
					};
				};
			};
			buildConfigurationList = 621D3D991B74622000640B58 /* Build configuration list for PBXProject "FirstSwift" */;
			compatibilityVersion = "Xcode 3.2";
			developmentRegion = English;
			hasScannedForEncodings = 0;
			knownRegions = (
				en,
				Base,
			);
			mainGroup = 621D3D951B74622000640B58;
			productRefGroup = 621D3D9F1B74622100640B58 /* Products */;
			projectDirPath = "";
			projectRoot = "";
			targets = (
				621D3D9D1B74622100640B58 /* FirstSwift */,
				621D3DB51B74622100640B58 /* FirstSwiftTests */,
			);
		};
/* End PBXProject section */

/* Begin PBXResourcesBuildPhase section */
		621D3D9C1B74622100640B58 /* Resources */ = {
			isa = PBXResourcesBuildPhase;
			buildActionMask = 2147483647;
			files = (
				621D3DAC1B74622100640B58 /* Main.storyboard in Resources */,
				62E4A7581B788D6D00A25A9A /* avatar.jpg in Resources */,
				621D3DB11B74622100640B58 /* LaunchScreen.xib in Resources */,
				621D3DAE1B74622100640B58 /* Images.xcassets in Resources */,
				62FF23E81B79FC2A00F354E4 /* JMCommentCell.xib in Resources */,
				62E4A7491B784C8600A25A9A /* JMRefreshView.xib in Resources */,
				62E4A7591B788D6D00A25A9A /* me.jpeg in Resources */,
				621D3DD01B74A71E00640B58 /* JMAboutViewController.xib in Resources */,
				62E4A7511B787BA800A25A9A /* JMJokeCell.xib in Resources */,
				62FF23EC1B7AEE3900F354E4 /* JMAutoResizeCell.xib in Resources */,
			);
			runOnlyForDeploymentPostprocessing = 0;
		};
		621D3DB41B74622100640B58 /* Resources */ = {
			isa = PBXResourcesBuildPhase;
			buildActionMask = 2147483647;
			files = (
			);
			runOnlyForDeploymentPostprocessing = 0;
		};
/* End PBXResourcesBuildPhase section */

/* Begin PBXSourcesBuildPhase section */
		621D3D9A1B74622100640B58 /* Sources */ = {
			isa = PBXSourcesBuildPhase;
			buildActionMask = 2147483647;
			files = (
				62E4A74D1B7874E000A25A9A /* UIViewExt.swift in Sources */,
				62FF23EB1B7AEE3900F354E4 /* JMAutoResizeCell.swift in Sources */,
				62E4A7501B787BA800A25A9A /* JMJokeCell.swift in Sources */,
				621D3DCA1B749F6D00640B58 /* JMMainViewController.swift in Sources */,
				621D3DA91B74622100640B58 /* ViewController.swift in Sources */,
				621D3DA71B74622100640B58 /* FirstSwift.xcdatamodeld in Sources */,
				62E4A7531B787FC900A25A9A /* NSDictionaryExt.swift in Sources */,
				62E4A75D1B78983A00A25A9A /* FileUtility.swift in Sources */,
				62E4A7471B784C7100A25A9A /* JMRefreshView.swift in Sources */,
				62FF23E01B79EDF700F354E4 /* JMImageViewController.swift in Sources */,
				621D3DA41B74622100640B58 /* AppDelegate.swift in Sources */,
				62FF23E71B79FC2A00F354E4 /* JMCommentCell.swift in Sources */,
				62FF23E21B79EE6C00F354E4 /* JMImageZoomingView.swift in Sources */,
				62E4A7551B78818000A25A9A /* NSStringExt.swift in Sources */,
				62E4A74B1B78525200A25A9A /* JMHttpRequest.swift in Sources */,
				62FF23F01B7AF5EE00F354E4 /* Model.swift in Sources */,
				62FF23EE1B7AF33200F354E4 /* JMAboutViewController.swift in Sources */,
				62E4A7451B78421A00A25A9A /* JMJokeTableViewController.swift in Sources */,
				62E4A75B1B78904D00A25A9A /* UIImageViewWebExt.swift in Sources */,
				62FF23E41B79FB1300F354E4 /* JMCommentsViewController.swift in Sources */,
			);
			runOnlyForDeploymentPostprocessing = 0;
		};
		621D3DB21B74622100640B58 /* Sources */ = {
			isa = PBXSourcesBuildPhase;
			buildActionMask = 2147483647;
			files = (
				621D3DBD1B74622100640B58 /* FirstSwiftTests.swift in Sources */,
			);
			runOnlyForDeploymentPostprocessing = 0;
		};
/* End PBXSourcesBuildPhase section */

/* Begin PBXTargetDependency section */
		621D3DB81B74622100640B58 /* PBXTargetDependency */ = {
			isa = PBXTargetDependency;
			target = 621D3D9D1B74622100640B58 /* FirstSwift */;
			targetProxy = 621D3DB71B74622100640B58 /* PBXContainerItemProxy */;
		};
/* End PBXTargetDependency section */

/* Begin PBXVariantGroup section */
		621D3DAA1B74622100640B58 /* Main.storyboard */ = {
			isa = PBXVariantGroup;
			children = (
				621D3DAB1B74622100640B58 /* Base */,
			);
			name = Main.storyboard;
			sourceTree = "<group>";
		};
		621D3DAF1B74622100640B58 /* LaunchScreen.xib */ = {
			isa = PBXVariantGroup;
			children = (
				621D3DB01B74622100640B58 /* Base */,
			);
			name = LaunchScreen.xib;
			sourceTree = "<group>";
		};
/* End PBXVariantGroup section */

/* Begin XCBuildConfiguration section */
		621D3DBE1B74622100640B58 /* Debug */ = {
			isa = XCBuildConfiguration;
			buildSettings = {
				ALWAYS_SEARCH_USER_PATHS = NO;
				CLANG_CXX_LANGUAGE_STANDARD = "gnu++0x";
				CLANG_CXX_LIBRARY = "libc++";
				CLANG_ENABLE_MODULES = YES;
				CLANG_ENABLE_OBJC_ARC = YES;
				CLANG_WARN_BOOL_CONVERSION = YES;
				CLANG_WARN_CONSTANT_CONVERSION = YES;
				CLANG_WARN_DIRECT_OBJC_ISA_USAGE = YES_ERROR;
				CLANG_WARN_EMPTY_BODY = YES;
				CLANG_WARN_ENUM_CONVERSION = YES;
				CLANG_WARN_INT_CONVERSION = YES;
				CLANG_WARN_OBJC_ROOT_CLASS = YES_ERROR;
				CLANG_WARN_UNREACHABLE_CODE = YES;
				CLANG_WARN__DUPLICATE_METHOD_MATCH = YES;
				"CODE_SIGN_IDENTITY[sdk=iphoneos*]" = "iPhone Developer";
				COPY_PHASE_STRIP = NO;
				DEBUG_INFORMATION_FORMAT = "dwarf-with-dsym";
				ENABLE_STRICT_OBJC_MSGSEND = YES;
				GCC_C_LANGUAGE_STANDARD = gnu99;
				GCC_DYNAMIC_NO_PIC = NO;
				GCC_NO_COMMON_BLOCKS = YES;
				GCC_OPTIMIZATION_LEVEL = 0;
				GCC_PREPROCESSOR_DEFINITIONS = (
					"DEBUG=1",
					"$(inherited)",
				);
				GCC_SYMBOLS_PRIVATE_EXTERN = NO;
				GCC_WARN_64_TO_32_BIT_CONVERSION = YES;
				GCC_WARN_ABOUT_RETURN_TYPE = YES_ERROR;
				GCC_WARN_UNDECLARED_SELECTOR = YES;
				GCC_WARN_UNINITIALIZED_AUTOS = YES_AGGRESSIVE;
				GCC_WARN_UNUSED_FUNCTION = YES;
				GCC_WARN_UNUSED_VARIABLE = YES;
				IPHONEOS_DEPLOYMENT_TARGET = 8.4;
				MTL_ENABLE_DEBUG_INFO = YES;
				ONLY_ACTIVE_ARCH = YES;
				SDKROOT = iphoneos;
				SWIFT_OPTIMIZATION_LEVEL = "-Onone";
			};
			name = Debug;
		};
		621D3DBF1B74622100640B58 /* Release */ = {
			isa = XCBuildConfiguration;
			buildSettings = {
				ALWAYS_SEARCH_USER_PATHS = NO;
				CLANG_CXX_LANGUAGE_STANDARD = "gnu++0x";
				CLANG_CXX_LIBRARY = "libc++";
				CLANG_ENABLE_MODULES = YES;
				CLANG_ENABLE_OBJC_ARC = YES;
				CLANG_WARN_BOOL_CONVERSION = YES;
				CLANG_WARN_CONSTANT_CONVERSION = YES;
				CLANG_WARN_DIRECT_OBJC_ISA_USAGE = YES_ERROR;
				CLANG_WARN_EMPTY_BODY = YES;
				CLANG_WARN_ENUM_CONVERSION = YES;
				CLANG_WARN_INT_CONVERSION = YES;
				CLANG_WARN_OBJC_ROOT_CLASS = YES_ERROR;
				CLANG_WARN_UNREACHABLE_CODE = YES;
				CLANG_WARN__DUPLICATE_METHOD_MATCH = YES;
				"CODE_SIGN_IDENTITY[sdk=iphoneos*]" = "iPhone Developer";
				COPY_PHASE_STRIP = NO;
				DEBUG_INFORMATION_FORMAT = "dwarf-with-dsym";
				ENABLE_NS_ASSERTIONS = NO;
				ENABLE_STRICT_OBJC_MSGSEND = YES;
				GCC_C_LANGUAGE_STANDARD = gnu99;
				GCC_NO_COMMON_BLOCKS = YES;
				GCC_WARN_64_TO_32_BIT_CONVERSION = YES;
				GCC_WARN_ABOUT_RETURN_TYPE = YES_ERROR;
				GCC_WARN_UNDECLARED_SELECTOR = YES;
				GCC_WARN_UNINITIALIZED_AUTOS = YES_AGGRESSIVE;
				GCC_WARN_UNUSED_FUNCTION = YES;
				GCC_WARN_UNUSED_VARIABLE = YES;
				IPHONEOS_DEPLOYMENT_TARGET = 8.4;
				MTL_ENABLE_DEBUG_INFO = NO;
				SDKROOT = iphoneos;
				VALIDATE_PRODUCT = YES;
			};
			name = Release;
		};
		621D3DC11B74622100640B58 /* Debug */ = {
			isa = XCBuildConfiguration;
			buildSettings = {
				ASSETCATALOG_COMPILER_APPICON_NAME = AppIcon;
				INFOPLIST_FILE = FirstSwift/Info.plist;
				IPHONEOS_DEPLOYMENT_TARGET = 7.0;
				LD_RUNPATH_SEARCH_PATHS = "$(inherited) @executable_path/Frameworks";
				PRODUCT_NAME = "$(TARGET_NAME)";
			};
			name = Debug;
		};
		621D3DC21B74622100640B58 /* Release */ = {
			isa = XCBuildConfiguration;
			buildSettings = {
				ASSETCATALOG_COMPILER_APPICON_NAME = AppIcon;
				INFOPLIST_FILE = FirstSwift/Info.plist;
				IPHONEOS_DEPLOYMENT_TARGET = 7.0;
				LD_RUNPATH_SEARCH_PATHS = "$(inherited) @executable_path/Frameworks";
				PRODUCT_NAME = "$(TARGET_NAME)";
			};
			name = Release;
		};
		621D3DC41B74622100640B58 /* Debug */ = {
			isa = XCBuildConfiguration;
			buildSettings = {
				BUNDLE_LOADER = "$(TEST_HOST)";
				FRAMEWORK_SEARCH_PATHS = (
					"$(SDKROOT)/Developer/Library/Frameworks",
					"$(inherited)",
				);
				GCC_PREPROCESSOR_DEFINITIONS = (
					"DEBUG=1",
					"$(inherited)",
				);
				INFOPLIST_FILE = FirstSwiftTests/Info.plist;
				LD_RUNPATH_SEARCH_PATHS = "$(inherited) @executable_path/Frameworks @loader_path/Frameworks";
				PRODUCT_NAME = "$(TARGET_NAME)";
				TEST_HOST = "$(BUILT_PRODUCTS_DIR)/FirstSwift.app/FirstSwift";
			};
			name = Debug;
		};
		621D3DC51B74622100640B58 /* Release */ = {
			isa = XCBuildConfiguration;
			buildSettings = {
				BUNDLE_LOADER = "$(TEST_HOST)";
				FRAMEWORK_SEARCH_PATHS = (
					"$(SDKROOT)/Developer/Library/Frameworks",
					"$(inherited)",
				);
				INFOPLIST_FILE = FirstSwiftTests/Info.plist;
				LD_RUNPATH_SEARCH_PATHS = "$(inherited) @executable_path/Frameworks @loader_path/Frameworks";
				PRODUCT_NAME = "$(TARGET_NAME)";
				TEST_HOST = "$(BUILT_PRODUCTS_DIR)/FirstSwift.app/FirstSwift";
			};
			name = Release;
		};
/* End XCBuildConfiguration section */

/* Begin XCConfigurationList section */
		621D3D991B74622000640B58 /* Build configuration list for PBXProject "FirstSwift" */ = {
			isa = XCConfigurationList;
			buildConfigurations = (
				621D3DBE1B74622100640B58 /* Debug */,
				621D3DBF1B74622100640B58 /* Release */,
			);
			defaultConfigurationIsVisible = 0;
			defaultConfigurationName = Release;
		};
		621D3DC01B74622100640B58 /* Build configuration list for PBXNativeTarget "FirstSwift" */ = {
			isa = XCConfigurationList;
			buildConfigurations = (
				621D3DC11B74622100640B58 /* Debug */,
				621D3DC21B74622100640B58 /* Release */,
			);
			defaultConfigurationIsVisible = 0;
			defaultConfigurationName = Release;
		};
		621D3DC31B74622100640B58 /* Build configuration list for PBXNativeTarget "FirstSwiftTests" */ = {
			isa = XCConfigurationList;
			buildConfigurations = (
				621D3DC41B74622100640B58 /* Debug */,
				621D3DC51B74622100640B58 /* Release */,
			);
			defaultConfigurationIsVisible = 0;
			defaultConfigurationName = Release;
		};
/* End XCConfigurationList section */

/* Begin XCVersionGroup section */
		621D3DA51B74622100640B58 /* FirstSwift.xcdatamodeld */ = {
			isa = XCVersionGroup;
			children = (
				621D3DA61B74622100640B58 /* FirstSwift.xcdatamodel */,
			);
			currentVersion = 621D3DA61B74622100640B58 /* FirstSwift.xcdatamodel */;
			path = FirstSwift.xcdatamodeld;
			sourceTree = "<group>";
			versionGroupType = wrapper.xcdatamodel;
		};
/* End XCVersionGroup section */
	};
	rootObject = 621D3D961B74622000640B58 /* Project object */;
}
